
Microsoft Visual Studio Solution File, Format Version 12.00
# Visual Studio Version 17
VisualStudioVersion = 17.5.33530.505
MinimumVisualStudioVersion = 10.0.40219.1
Project("{FAE04EC0-301F-11D3-BF4B-00C04F79EFBC}") = "Morser Remastered", "Morser Remastered\Morser Remastered.csproj", "{5CFA0B83-DED0-4477-8B7D-9663B45D29B3}"
EndProject
Global
	GlobalSection(SolutionConfigurationPlatforms) = preSolution
		Debug|Any CPU = Debug|Any CPU
		Release|Any CPU = Release|Any CPU
	EndGlobalSection
	GlobalSection(ProjectConfigurationPlatforms) = postSolution
		{5CFA0B83-DED0-4477-8B7D-9663B45D29B3}.Debug|Any CPU.ActiveCfg = Debug|Any CPU
		{5CFA0B83-DED0-4477-8B7D-9663B45D29B3}.Debug|Any CPU.Build.0 = Debug|Any CPU
		{5CFA0B83-DED0-4477-8B7D-9663B45D29B3}.Release|Any CPU.ActiveCfg = Release|Any CPU
		{5CFA0B83-DED0-4477-8B7D-9663B45D29B3}.Release|Any CPU.Build.0 = Release|Any CPU
	EndGlobalSection
	GlobalSection(SolutionProperties) = preSolution
		HideSolutionNode = FALSE
	EndGlobalSection
	GlobalSection(ExtensibilityGlobals) = postSolution
		SolutionGuid = {1F105BCE-AE51-483A-BC91-5BD4271821DE}
	EndGlobalSection
EndGlobal
